
Microsoft Visual Studio Solution File, Format Version 12.00
# Visual Studio Version 17
VisualStudioVersion = 17.6.33712.159
MinimumVisualStudioVersion = 10.0.40219.1
Project("{54A90642-561A-4BB1-A94E-469ADEE60C69}") = "reactapp", "reactapp\reactapp.esproj", "{5382CE5C-6D8B-4F50-88A3-A2888FF8AECD}"
EndProject
Project("{9A19103F-16F7-4668-BE54-9A1E7A4F7556}") = "webapi", "webapi\webapi.csproj", "{25129203-EA52-4DC6-977E-B88822A9E40C}"
EndProject
Project("{9A19103F-16F7-4668-BE54-9A1E7A4F7556}") = "BLL", "BLL\BLL.csproj", "{CF5368CE-9E96-4697-A5FA-B1B697559881}"
EndProject
Project("{9A19103F-16F7-4668-BE54-9A1E7A4F7556}") = "DTO", "DTO\DTO.csproj", "{42A04669-1F87-4834-BF43-39A60C62419B}"
EndProject
Global
	GlobalSection(SolutionConfigurationPlatforms) = preSolution
		Debug|Any CPU = Debug|Any CPU
		Release|Any CPU = Release|Any CPU
	EndGlobalSection
	GlobalSection(ProjectConfigurationPlatforms) = postSolution
		{5382CE5C-6D8B-4F50-88A3-A2888FF8AECD}.Debug|Any CPU.ActiveCfg = Debug|Any CPU
		{5382CE5C-6D8B-4F50-88A3-A2888FF8AECD}.Debug|Any CPU.Build.0 = Debug|Any CPU
		{5382CE5C-6D8B-4F50-88A3-A2888FF8AECD}.Debug|Any CPU.Deploy.0 = Debug|Any CPU
		{5382CE5C-6D8B-4F50-88A3-A2888FF8AECD}.Release|Any CPU.ActiveCfg = Release|Any CPU
		{5382CE5C-6D8B-4F50-88A3-A2888FF8AECD}.Release|Any CPU.Build.0 = Release|Any CPU
		{5382CE5C-6D8B-4F50-88A3-A2888FF8AECD}.Release|Any CPU.Deploy.0 = Release|Any CPU
		{25129203-EA52-4DC6-977E-B88822A9E40C}.Debug|Any CPU.ActiveCfg = Debug|Any CPU
		{25129203-EA52-4DC6-977E-B88822A9E40C}.Debug|Any CPU.Build.0 = Debug|Any CPU
		{25129203-EA52-4DC6-977E-B88822A9E40C}.Release|Any CPU.ActiveCfg = Release|Any CPU
		{25129203-EA52-4DC6-977E-B88822A9E40C}.Release|Any CPU.Build.0 = Release|Any CPU
		{CF5368CE-9E96-4697-A5FA-B1B697559881}.Debug|Any CPU.ActiveCfg = Debug|Any CPU
		{CF5368CE-9E96-4697-A5FA-B1B697559881}.Debug|Any CPU.Build.0 = Debug|Any CPU
		{CF5368CE-9E96-4697-A5FA-B1B697559881}.Release|Any CPU.ActiveCfg = Release|Any CPU
		{CF5368CE-9E96-4697-A5FA-B1B697559881}.Release|Any CPU.Build.0 = Release|Any CPU
		{42A04669-1F87-4834-BF43-39A60C62419B}.Debug|Any CPU.ActiveCfg = Debug|Any CPU
		{42A04669-1F87-4834-BF43-39A60C62419B}.Debug|Any CPU.Build.0 = Debug|Any CPU
		{42A04669-1F87-4834-BF43-39A60C62419B}.Release|Any CPU.ActiveCfg = Release|Any CPU
		{42A04669-1F87-4834-BF43-39A60C62419B}.Release|Any CPU.Build.0 = Release|Any CPU
	EndGlobalSection
	GlobalSection(SolutionProperties) = preSolution
		HideSolutionNode = FALSE
	EndGlobalSection
	GlobalSection(ExtensibilityGlobals) = postSolution
		SolutionGuid = {28A9706F-ADA1-4CE8-97D4-6CD0F2438450}
	EndGlobalSection
EndGlobal
